
Microsoft Visual Studio Solution File, Format Version 12.00
# Visual Studio Version 17
VisualStudioVersion = 17.6.33712.159
MinimumVisualStudioVersion = 10.0.40219.1
Project("{FAE04EC0-301F-11D3-BF4B-00C04F79EFBC}") = "WebAppAuthorization", "WebAppAuthorization.csproj", "{1C0E3AC4-847E-40A3-AA47-13A54C63FB36}"
EndProject
Project("{FAE04EC0-301F-11D3-BF4B-00C04F79EFBC}") = "WebApplication1", "..\WebApplication1\WebApplication1.csproj", "{D6AFDB76-E63F-4385-AF49-1621760AE6A7}"
EndProject
Global
	GlobalSection(SolutionConfigurationPlatforms) = preSolution
		Debug|Any CPU = Debug|Any CPU
		Release|Any CPU = Release|Any CPU
	EndGlobalSection
	GlobalSection(ProjectConfigurationPlatforms) = postSolution
		{1C0E3AC4-847E-40A3-AA47-13A54C63FB36}.Debug|Any CPU.ActiveCfg = Debug|Any CPU
		{1C0E3AC4-847E-40A3-AA47-13A54C63FB36}.Debug|Any CPU.Build.0 = Debug|Any CPU
		{1C0E3AC4-847E-40A3-AA47-13A54C63FB36}.Release|Any CPU.ActiveCfg = Release|Any CPU
		{1C0E3AC4-847E-40A3-AA47-13A54C63FB36}.Release|Any CPU.Build.0 = Release|Any CPU
		{D6AFDB76-E63F-4385-AF49-1621760AE6A7}.Debug|Any CPU.ActiveCfg = Debug|Any CPU
		{D6AFDB76-E63F-4385-AF49-1621760AE6A7}.Debug|Any CPU.Build.0 = Debug|Any CPU
		{D6AFDB76-E63F-4385-AF49-1621760AE6A7}.Release|Any CPU.ActiveCfg = Release|Any CPU
		{D6AFDB76-E63F-4385-AF49-1621760AE6A7}.Release|Any CPU.Build.0 = Release|Any CPU
	EndGlobalSection
	GlobalSection(SolutionProperties) = preSolution
		HideSolutionNode = FALSE
	EndGlobalSection
	GlobalSection(ExtensibilityGlobals) = postSolution
		SolutionGuid = {A62F83AF-0015-40FE-B021-543B7E08F135}
	EndGlobalSection
EndGlobal
